
Microsoft Visual Studio Solution File, Format Version 12.00
# Visual Studio Version 17
VisualStudioVersion = 17.9.34728.123
MinimumVisualStudioVersion = 10.0.40219.1
Project("{2150E333-8FDC-42A3-9474-1A3956D46DE8}") = "Applications", "Applications", "{DD12C276-6750-419F-9DBD-EE4EEA83057A}"
EndProject
Project("{2150E333-8FDC-42A3-9474-1A3956D46DE8}") = "Libraries", "Libraries", "{87D2D59D-88E8-4172-AC13-38F3939056F1}"
EndProject
Project("{9A19103F-16F7-4668-BE54-9A1E7A4F7556}") = "SV21T1020777.Web", "SV21T1020777.Web\SV21T1020777.Web.csproj", "{94ED500C-869C-46E4-97BC-1A43DFD34059}"
EndProject
Project("{9A19103F-16F7-4668-BE54-9A1E7A4F7556}") = "SV21T1020777.DomainModels", "SV21T1020777.DomainModels\SV21T1020777.DomainModels.csproj", "{2C9A188A-64C8-4155-A7A1-C94288FA4A32}"
EndProject
Project("{9A19103F-16F7-4668-BE54-9A1E7A4F7556}") = "SV21T1020777.DataLayers", "SV21T1020777.DataLayers\SV21T1020777.DataLayers.csproj", "{F88E074E-C451-406A-BD83-1F7494C5AE93}"
EndProject
Project("{9A19103F-16F7-4668-BE54-9A1E7A4F7556}") = "SV21T1020777.BusinessLayers", "SV21T1020777.BusinessLayers\SV21T1020777.BusinessLayers.csproj", "{A54548E2-1AF8-413D-AF6E-B100B8CB47F5}"
EndProject
Project("{FAE04EC0-301F-11D3-BF4B-00C04F79EFBC}") = "SV21T1020777.Shop", "SV21T1020777.Shop\SV21T1020777.Shop.csproj", "{BE3526D5-E75C-43A0-A2AA-C3CF24A2A38E}"
EndProject
Global
	GlobalSection(SolutionConfigurationPlatforms) = preSolution
		Debug|Any CPU = Debug|Any CPU
		Release|Any CPU = Release|Any CPU
	EndGlobalSection
	GlobalSection(ProjectConfigurationPlatforms) = postSolution
		{94ED500C-869C-46E4-97BC-1A43DFD34059}.Debug|Any CPU.ActiveCfg = Debug|Any CPU
		{94ED500C-869C-46E4-97BC-1A43DFD34059}.Debug|Any CPU.Build.0 = Debug|Any CPU
		{94ED500C-869C-46E4-97BC-1A43DFD34059}.Release|Any CPU.ActiveCfg = Release|Any CPU
		{94ED500C-869C-46E4-97BC-1A43DFD34059}.Release|Any CPU.Build.0 = Release|Any CPU
		{2C9A188A-64C8-4155-A7A1-C94288FA4A32}.Debug|Any CPU.ActiveCfg = Debug|Any CPU
		{2C9A188A-64C8-4155-A7A1-C94288FA4A32}.Debug|Any CPU.Build.0 = Debug|Any CPU
		{2C9A188A-64C8-4155-A7A1-C94288FA4A32}.Release|Any CPU.ActiveCfg = Release|Any CPU
		{2C9A188A-64C8-4155-A7A1-C94288FA4A32}.Release|Any CPU.Build.0 = Release|Any CPU
		{F88E074E-C451-406A-BD83-1F7494C5AE93}.Debug|Any CPU.ActiveCfg = Debug|Any CPU
		{F88E074E-C451-406A-BD83-1F7494C5AE93}.Debug|Any CPU.Build.0 = Debug|Any CPU
		{F88E074E-C451-406A-BD83-1F7494C5AE93}.Release|Any CPU.ActiveCfg = Release|Any CPU
		{F88E074E-C451-406A-BD83-1F7494C5AE93}.Release|Any CPU.Build.0 = Release|Any CPU
		{A54548E2-1AF8-413D-AF6E-B100B8CB47F5}.Debug|Any CPU.ActiveCfg = Debug|Any CPU
		{A54548E2-1AF8-413D-AF6E-B100B8CB47F5}.Debug|Any CPU.Build.0 = Debug|Any CPU
		{A54548E2-1AF8-413D-AF6E-B100B8CB47F5}.Release|Any CPU.ActiveCfg = Release|Any CPU
		{A54548E2-1AF8-413D-AF6E-B100B8CB47F5}.Release|Any CPU.Build.0 = Release|Any CPU
		{BE3526D5-E75C-43A0-A2AA-C3CF24A2A38E}.Debug|Any CPU.ActiveCfg = Debug|Any CPU
		{BE3526D5-E75C-43A0-A2AA-C3CF24A2A38E}.Debug|Any CPU.Build.0 = Debug|Any CPU
		{BE3526D5-E75C-43A0-A2AA-C3CF24A2A38E}.Release|Any CPU.ActiveCfg = Release|Any CPU
		{BE3526D5-E75C-43A0-A2AA-C3CF24A2A38E}.Release|Any CPU.Build.0 = Release|Any CPU
	EndGlobalSection
	GlobalSection(SolutionProperties) = preSolution
		HideSolutionNode = FALSE
	EndGlobalSection
	GlobalSection(NestedProjects) = preSolution
		{94ED500C-869C-46E4-97BC-1A43DFD34059} = {DD12C276-6750-419F-9DBD-EE4EEA83057A}
		{2C9A188A-64C8-4155-A7A1-C94288FA4A32} = {87D2D59D-88E8-4172-AC13-38F3939056F1}
		{F88E074E-C451-406A-BD83-1F7494C5AE93} = {87D2D59D-88E8-4172-AC13-38F3939056F1}
		{A54548E2-1AF8-413D-AF6E-B100B8CB47F5} = {87D2D59D-88E8-4172-AC13-38F3939056F1}
		{BE3526D5-E75C-43A0-A2AA-C3CF24A2A38E} = {DD12C276-6750-419F-9DBD-EE4EEA83057A}
	EndGlobalSection
	GlobalSection(ExtensibilityGlobals) = postSolution
		SolutionGuid = {0AC8C918-F203-4FD5-AA20-7B895834093F}
	EndGlobalSection
EndGlobal
